// !$*UTF8*$!
{
	archiveVersion = 1;
	classes = {
	};
	objectVersion = 50;
	objects = {

/* Begin PBXBuildFile section */
		F11BB1D323EEC77400F21516 /* CustomTextField.swift in Sources */ = {isa = PBXBuildFile; fileRef = F11BB1D223EEC77400F21516 /* CustomTextField.swift */; };
		F11E7C2923CA04A100C2DDD3 /* ScheduleDataSource.swift in Sources */ = {isa = PBXBuildFile; fileRef = F11E7C2823CA04A100C2DDD3 /* ScheduleDataSource.swift */; };
		F11E7C2B23CB8A3000C2DDD3 /* TableView.swift in Sources */ = {isa = PBXBuildFile; fileRef = F11E7C2A23CB8A3000C2DDD3 /* TableView.swift */; };
		F133898A23CF798800496B62 /* Day.swift in Sources */ = {isa = PBXBuildFile; fileRef = F133898923CF798800496B62 /* Day.swift */; };
		F133898C23CF8E9D00496B62 /* UIVIew + SeparatorLine.swift in Sources */ = {isa = PBXBuildFile; fileRef = F133898B23CF8E9D00496B62 /* UIVIew + SeparatorLine.swift */; };
		F1386BF623CE676000EF938A /* ScheduleModel.swift in Sources */ = {isa = PBXBuildFile; fileRef = F1386BF523CE676000EF938A /* ScheduleModel.swift */; };
		F1386BF923CF1A7F00EF938A /* String + Slice.swift in Sources */ = {isa = PBXBuildFile; fileRef = F1386BF823CF1A7F00EF938A /* String + Slice.swift */; };
		F1386BFB23CF2B4700EF938A /* ScheduleModelDTO.swift in Sources */ = {isa = PBXBuildFile; fileRef = F1386BFA23CF2B4700EF938A /* ScheduleModelDTO.swift */; };
		F1386BFD23CF3D1500EF938A /* LessonModelDTO.swift in Sources */ = {isa = PBXBuildFile; fileRef = F1386BFC23CF3D1500EF938A /* LessonModelDTO.swift */; };
		F1386C0023CF3DC600EF938A /* LessonModel.swift in Sources */ = {isa = PBXBuildFile; fileRef = F1386BFF23CF3DC500EF938A /* LessonModel.swift */; };
		F17EF7D123C2007500D36ED7 /* AppDelegate.swift in Sources */ = {isa = PBXBuildFile; fileRef = F17EF7D023C2007500D36ED7 /* AppDelegate.swift */; };
		F17EF7DB23C2007500D36ED7 /* MISiS.xcdatamodeld in Sources */ = {isa = PBXBuildFile; fileRef = F17EF7D923C2007500D36ED7 /* MISiS.xcdatamodeld */; };
		F17EF7DD23C2007600D36ED7 /* Assets.xcassets in Resources */ = {isa = PBXBuildFile; fileRef = F17EF7DC23C2007600D36ED7 /* Assets.xcassets */; };
		F17EF7E023C2007600D36ED7 /* LaunchScreen.storyboard in Resources */ = {isa = PBXBuildFile; fileRef = F17EF7DE23C2007600D36ED7 /* LaunchScreen.storyboard */; };
		F17EF7EB23C2007700D36ED7 /* MISiSTests.swift in Sources */ = {isa = PBXBuildFile; fileRef = F17EF7EA23C2007700D36ED7 /* MISiSTests.swift */; };
		F18AA43423D0FAA000A8FE8C /* JSON lesson.json in Resources */ = {isa = PBXBuildFile; fileRef = F18AA43323D0FAA000A8FE8C /* JSON lesson.json */; };
		F18AA43723D1ECA900A8FE8C /* EndPointType.swift in Sources */ = {isa = PBXBuildFile; fileRef = F18AA43623D1ECA900A8FE8C /* EndPointType.swift */; };
		F18AA43A23D1EF5A00A8FE8C /* NetworkRouter.swift in Sources */ = {isa = PBXBuildFile; fileRef = F18AA43923D1EF5A00A8FE8C /* NetworkRouter.swift */; };
		F18AA43C23D1F17400A8FE8C /* EndPoint.swift in Sources */ = {isa = PBXBuildFile; fileRef = F18AA43B23D1F17400A8FE8C /* EndPoint.swift */; };
		F18AA43E23D1F26F00A8FE8C /* HTTPMethod.swift in Sources */ = {isa = PBXBuildFile; fileRef = F18AA43D23D1F26F00A8FE8C /* HTTPMethod.swift */; };
		F18AA44323D26CCA00A8FE8C /* HTTPTask.swift in Sources */ = {isa = PBXBuildFile; fileRef = F18AA44223D26CCA00A8FE8C /* HTTPTask.swift */; };
		F18AA44523D271AB00A8FE8C /* ParameterEncoding.swift in Sources */ = {isa = PBXBuildFile; fileRef = F18AA44423D271AB00A8FE8C /* ParameterEncoding.swift */; };
		F18AA44723D2729B00A8FE8C /* JSONParameterEncoder.swift in Sources */ = {isa = PBXBuildFile; fileRef = F18AA44623D2729B00A8FE8C /* JSONParameterEncoder.swift */; };
		F18AA44A23D279BB00A8FE8C /* NetworkManager.swift in Sources */ = {isa = PBXBuildFile; fileRef = F18AA44923D279BB00A8FE8C /* NetworkManager.swift */; };
		F18AA44C23D27B6700A8FE8C /* APIError.swift in Sources */ = {isa = PBXBuildFile; fileRef = F18AA44B23D27B6700A8FE8C /* APIError.swift */; };
		F18AA44E23D60A9700A8FE8C /* LessonType.swift in Sources */ = {isa = PBXBuildFile; fileRef = F18AA44D23D60A9700A8FE8C /* LessonType.swift */; };
		F1B6487E23C2AFB300C097C7 /* UIColor + Colors.swift in Sources */ = {isa = PBXBuildFile; fileRef = F1B6487D23C2AFB300C097C7 /* UIColor + Colors.swift */; };
		F1B6488023C39F8C00C097C7 /* Router.swift in Sources */ = {isa = PBXBuildFile; fileRef = F1B6487F23C39F8C00C097C7 /* Router.swift */; };
		F1B6488623C3B1A700C097C7 /* ScheduleViewController.swift in Sources */ = {isa = PBXBuildFile; fileRef = F1B6488523C3B1A700C097C7 /* ScheduleViewController.swift */; };
		F1B6488823C3B1B200C097C7 /* SchedulePresentor.swift in Sources */ = {isa = PBXBuildFile; fileRef = F1B6488723C3B1B200C097C7 /* SchedulePresentor.swift */; };
		F1B6488A23C3B1C400C097C7 /* CampusViewController.swift in Sources */ = {isa = PBXBuildFile; fileRef = F1B6488923C3B1C400C097C7 /* CampusViewController.swift */; };
		F1B6488C23C3B1D000C097C7 /* CampusPresentor.swift in Sources */ = {isa = PBXBuildFile; fileRef = F1B6488B23C3B1D000C097C7 /* CampusPresentor.swift */; };
		F1B6489023C3B1EB00C097C7 /* AboutViewController.swift in Sources */ = {isa = PBXBuildFile; fileRef = F1B6488F23C3B1EB00C097C7 /* AboutViewController.swift */; };
		F1B6489223C3B1F900C097C7 /* AboutPresentor.swift in Sources */ = {isa = PBXBuildFile; fileRef = F1B6489123C3B1F900C097C7 /* AboutPresentor.swift */; };
		F1B6489E23C4C3B900C097C7 /* LessonCell.swift in Sources */ = {isa = PBXBuildFile; fileRef = F1B6489D23C4C3B900C097C7 /* LessonCell.swift */; };
		F1B648A123C4FA7800C097C7 /* ScheduleCell.swift in Sources */ = {isa = PBXBuildFile; fileRef = F1B648A023C4FA7800C097C7 /* ScheduleCell.swift */; };
		F1B648A323C7D73600C097C7 /* CustomSegmentedControl.swift in Sources */ = {isa = PBXBuildFile; fileRef = F1B648A223C7D73600C097C7 /* CustomSegmentedControl.swift */; };
		F1B648A623C8A4CB00C097C7 /* Date.swift in Sources */ = {isa = PBXBuildFile; fileRef = F1B648A523C8A4CA00C097C7 /* Date.swift */; };
		F1D9FA4923C26A9C0031ECE6 /* ModuleBuilder.swift in Sources */ = {isa = PBXBuildFile; fileRef = F1D9FA4823C26A9C0031ECE6 /* ModuleBuilder.swift */; };
		F1D9FA4B23C2A6030031ECE6 /* VIew.swift in Sources */ = {isa = PBXBuildFile; fileRef = F1D9FA4A23C2A6030031ECE6 /* VIew.swift */; };
		F1DE00CB23DEC67B00A6B9C0 /* BottomListView.swift in Sources */ = {isa = PBXBuildFile; fileRef = F1DE00CA23DEC67B00A6B9C0 /* BottomListView.swift */; };
		F1EF088823C209820042CDE4 /* AuthPresentor.swift in Sources */ = {isa = PBXBuildFile; fileRef = F1EF088723C209820042CDE4 /* AuthPresentor.swift */; };
		F1EF088A23C209F10042CDE4 /* AuthViewController.swift in Sources */ = {isa = PBXBuildFile; fileRef = F1EF088923C209F00042CDE4 /* AuthViewController.swift */; };
		F1F14EFE23D7C2360073A5BF /* ScheduleRequestModel.swift in Sources */ = {isa = PBXBuildFile; fileRef = F1F14EFD23D7C2360073A5BF /* ScheduleRequestModel.swift */; };
/* End PBXBuildFile section */

/* Begin PBXContainerItemProxy section */
		F17EF7E723C2007700D36ED7 /* PBXContainerItemProxy */ = {
			isa = PBXContainerItemProxy;
			containerPortal = F17EF7C523C2007500D36ED7 /* Project object */;
			proxyType = 1;
			remoteGlobalIDString = F17EF7CC23C2007500D36ED7;
			remoteInfo = MISiS;
		};
/* End PBXContainerItemProxy section */

/* Begin PBXFileReference section */
		F11BB1D223EEC77400F21516 /* CustomTextField.swift */ = {isa = PBXFileReference; lastKnownFileType = sourcecode.swift; path = CustomTextField.swift; sourceTree = "<group>"; };
		F11E7C2823CA04A100C2DDD3 /* ScheduleDataSource.swift */ = {isa = PBXFileReference; lastKnownFileType = sourcecode.swift; path = ScheduleDataSource.swift; sourceTree = "<group>"; };
		F11E7C2A23CB8A3000C2DDD3 /* TableView.swift */ = {isa = PBXFileReference; lastKnownFileType = sourcecode.swift; path = TableView.swift; sourceTree = "<group>"; };
		F133898923CF798800496B62 /* Day.swift */ = {isa = PBXFileReference; lastKnownFileType = sourcecode.swift; path = Day.swift; sourceTree = "<group>"; };
		F133898B23CF8E9D00496B62 /* UIVIew + SeparatorLine.swift */ = {isa = PBXFileReference; lastKnownFileType = sourcecode.swift; path = "UIVIew + SeparatorLine.swift"; sourceTree = "<group>"; };
		F1386BF523CE676000EF938A /* ScheduleModel.swift */ = {isa = PBXFileReference; lastKnownFileType = sourcecode.swift; path = ScheduleModel.swift; sourceTree = "<group>"; };
		F1386BF823CF1A7F00EF938A /* String + Slice.swift */ = {isa = PBXFileReference; lastKnownFileType = sourcecode.swift; path = "String + Slice.swift"; sourceTree = "<group>"; };
		F1386BFA23CF2B4700EF938A /* ScheduleModelDTO.swift */ = {isa = PBXFileReference; lastKnownFileType = sourcecode.swift; path = ScheduleModelDTO.swift; sourceTree = "<group>"; };
		F1386BFC23CF3D1500EF938A /* LessonModelDTO.swift */ = {isa = PBXFileReference; lastKnownFileType = sourcecode.swift; path = LessonModelDTO.swift; sourceTree = "<group>"; };
		F1386BFF23CF3DC500EF938A /* LessonModel.swift */ = {isa = PBXFileReference; lastKnownFileType = sourcecode.swift; path = LessonModel.swift; sourceTree = "<group>"; };
		F17EF7CD23C2007500D36ED7 /* MISiS.app */ = {isa = PBXFileReference; explicitFileType = wrapper.application; includeInIndex = 0; path = MISiS.app; sourceTree = BUILT_PRODUCTS_DIR; };
		F17EF7D023C2007500D36ED7 /* AppDelegate.swift */ = {isa = PBXFileReference; lastKnownFileType = sourcecode.swift; path = AppDelegate.swift; sourceTree = "<group>"; };
		F17EF7DA23C2007500D36ED7 /* MISiS.xcdatamodel */ = {isa = PBXFileReference; lastKnownFileType = wrapper.xcdatamodel; path = MISiS.xcdatamodel; sourceTree = "<group>"; };
		F17EF7DC23C2007600D36ED7 /* Assets.xcassets */ = {isa = PBXFileReference; lastKnownFileType = folder.assetcatalog; path = Assets.xcassets; sourceTree = "<group>"; };
		F17EF7DF23C2007600D36ED7 /* Base */ = {isa = PBXFileReference; lastKnownFileType = file.storyboard; name = Base; path = Base.lproj/LaunchScreen.storyboard; sourceTree = "<group>"; };
		F17EF7E123C2007600D36ED7 /* Info.plist */ = {isa = PBXFileReference; lastKnownFileType = text.plist.xml; path = Info.plist; sourceTree = "<group>"; };
		F17EF7E623C2007700D36ED7 /* MISiSTests.xctest */ = {isa = PBXFileReference; explicitFileType = wrapper.cfbundle; includeInIndex = 0; path = MISiSTests.xctest; sourceTree = BUILT_PRODUCTS_DIR; };
		F17EF7EA23C2007700D36ED7 /* MISiSTests.swift */ = {isa = PBXFileReference; lastKnownFileType = sourcecode.swift; path = MISiSTests.swift; sourceTree = "<group>"; };
		F17EF7EC23C2007700D36ED7 /* Info.plist */ = {isa = PBXFileReference; lastKnownFileType = text.plist.xml; path = Info.plist; sourceTree = "<group>"; };
		F18AA43323D0FAA000A8FE8C /* JSON lesson.json */ = {isa = PBXFileReference; lastKnownFileType = text.json; path = "JSON lesson.json"; sourceTree = "<group>"; xcLanguageSpecificationIdentifier = xcode.lang.json; };
		F18AA43623D1ECA900A8FE8C /* EndPointType.swift */ = {isa = PBXFileReference; lastKnownFileType = sourcecode.swift; path = EndPointType.swift; sourceTree = "<group>"; };
		F18AA43923D1EF5A00A8FE8C /* NetworkRouter.swift */ = {isa = PBXFileReference; lastKnownFileType = sourcecode.swift; path = NetworkRouter.swift; sourceTree = "<group>"; };
		F18AA43B23D1F17400A8FE8C /* EndPoint.swift */ = {isa = PBXFileReference; lastKnownFileType = sourcecode.swift; path = EndPoint.swift; sourceTree = "<group>"; };
		F18AA43D23D1F26F00A8FE8C /* HTTPMethod.swift */ = {isa = PBXFileReference; lastKnownFileType = sourcecode.swift; path = HTTPMethod.swift; sourceTree = "<group>"; };
		F18AA44223D26CCA00A8FE8C /* HTTPTask.swift */ = {isa = PBXFileReference; lastKnownFileType = sourcecode.swift; path = HTTPTask.swift; sourceTree = "<group>"; };
		F18AA44423D271AB00A8FE8C /* ParameterEncoding.swift */ = {isa = PBXFileReference; lastKnownFileType = sourcecode.swift; path = ParameterEncoding.swift; sourceTree = "<group>"; };
		F18AA44623D2729B00A8FE8C /* JSONParameterEncoder.swift */ = {isa = PBXFileReference; lastKnownFileType = sourcecode.swift; path = JSONParameterEncoder.swift; sourceTree = "<group>"; };
		F18AA44923D279BB00A8FE8C /* NetworkManager.swift */ = {isa = PBXFileReference; lastKnownFileType = sourcecode.swift; path = NetworkManager.swift; sourceTree = "<group>"; };
		F18AA44B23D27B6700A8FE8C /* APIError.swift */ = {isa = PBXFileReference; lastKnownFileType = sourcecode.swift; path = APIError.swift; sourceTree = "<group>"; };
		F18AA44D23D60A9700A8FE8C /* LessonType.swift */ = {isa = PBXFileReference; lastKnownFileType = sourcecode.swift; path = LessonType.swift; sourceTree = "<group>"; };
		F1B6487D23C2AFB300C097C7 /* UIColor + Colors.swift */ = {isa = PBXFileReference; lastKnownFileType = sourcecode.swift; path = "UIColor + Colors.swift"; sourceTree = "<group>"; };
		F1B6487F23C39F8C00C097C7 /* Router.swift */ = {isa = PBXFileReference; lastKnownFileType = sourcecode.swift; path = Router.swift; sourceTree = "<group>"; };
		F1B6488523C3B1A700C097C7 /* ScheduleViewController.swift */ = {isa = PBXFileReference; lastKnownFileType = sourcecode.swift; path = ScheduleViewController.swift; sourceTree = "<group>"; };
		F1B6488723C3B1B200C097C7 /* SchedulePresentor.swift */ = {isa = PBXFileReference; lastKnownFileType = sourcecode.swift; path = SchedulePresentor.swift; sourceTree = "<group>"; };
		F1B6488923C3B1C400C097C7 /* CampusViewController.swift */ = {isa = PBXFileReference; lastKnownFileType = sourcecode.swift; path = CampusViewController.swift; sourceTree = "<group>"; };
		F1B6488B23C3B1D000C097C7 /* CampusPresentor.swift */ = {isa = PBXFileReference; lastKnownFileType = sourcecode.swift; path = CampusPresentor.swift; sourceTree = "<group>"; };
		F1B6488F23C3B1EB00C097C7 /* AboutViewController.swift */ = {isa = PBXFileReference; lastKnownFileType = sourcecode.swift; path = AboutViewController.swift; sourceTree = "<group>"; };
		F1B6489123C3B1F900C097C7 /* AboutPresentor.swift */ = {isa = PBXFileReference; lastKnownFileType = sourcecode.swift; path = AboutPresentor.swift; sourceTree = "<group>"; };
		F1B6489D23C4C3B900C097C7 /* LessonCell.swift */ = {isa = PBXFileReference; lastKnownFileType = sourcecode.swift; path = LessonCell.swift; sourceTree = "<group>"; };
		F1B648A023C4FA7800C097C7 /* ScheduleCell.swift */ = {isa = PBXFileReference; lastKnownFileType = sourcecode.swift; path = ScheduleCell.swift; sourceTree = "<group>"; };
		F1B648A223C7D73600C097C7 /* CustomSegmentedControl.swift */ = {isa = PBXFileReference; lastKnownFileType = sourcecode.swift; path = CustomSegmentedControl.swift; sourceTree = "<group>"; };
		F1B648A523C8A4CA00C097C7 /* Date.swift */ = {isa = PBXFileReference; lastKnownFileType = sourcecode.swift; path = Date.swift; sourceTree = "<group>"; };
		F1D9FA4823C26A9C0031ECE6 /* ModuleBuilder.swift */ = {isa = PBXFileReference; lastKnownFileType = sourcecode.swift; path = ModuleBuilder.swift; sourceTree = "<group>"; };
		F1D9FA4A23C2A6030031ECE6 /* VIew.swift */ = {isa = PBXFileReference; lastKnownFileType = sourcecode.swift; path = VIew.swift; sourceTree = "<group>"; };
		F1DE00CA23DEC67B00A6B9C0 /* BottomListView.swift */ = {isa = PBXFileReference; lastKnownFileType = sourcecode.swift; path = BottomListView.swift; sourceTree = "<group>"; };
		F1EF088723C209820042CDE4 /* AuthPresentor.swift */ = {isa = PBXFileReference; lastKnownFileType = sourcecode.swift; path = AuthPresentor.swift; sourceTree = "<group>"; };
		F1EF088923C209F00042CDE4 /* AuthViewController.swift */ = {isa = PBXFileReference; lastKnownFileType = sourcecode.swift; path = AuthViewController.swift; sourceTree = "<group>"; };
		F1F14EFD23D7C2360073A5BF /* ScheduleRequestModel.swift */ = {isa = PBXFileReference; lastKnownFileType = sourcecode.swift; path = ScheduleRequestModel.swift; sourceTree = "<group>"; };
/* End PBXFileReference section */

/* Begin PBXFrameworksBuildPhase section */
		F17EF7CA23C2007500D36ED7 /* Frameworks */ = {
			isa = PBXFrameworksBuildPhase;
			buildActionMask = 2147483647;
			files = (
			);
			runOnlyForDeploymentPostprocessing = 0;
		};
		F17EF7E323C2007700D36ED7 /* Frameworks */ = {
			isa = PBXFrameworksBuildPhase;
			buildActionMask = 2147483647;
			files = (
			);
			runOnlyForDeploymentPostprocessing = 0;
		};
/* End PBXFrameworksBuildPhase section */

/* Begin PBXGroup section */
		F1386BF723CE676400EF938A /* Model */ = {
			isa = PBXGroup;
			children = (
				F1386BF523CE676000EF938A /* ScheduleModel.swift */,
				F1386BFF23CF3DC500EF938A /* LessonModel.swift */,
				F18AA44D23D60A9700A8FE8C /* LessonType.swift */,
				F133898923CF798800496B62 /* Day.swift */,
				F18AA43323D0FAA000A8FE8C /* JSON lesson.json */,
				F1386BFE23CF3D4100EF938A /* DTO */,
			);
			path = Model;
			sourceTree = "<group>";
		};
		F1386BFE23CF3D4100EF938A /* DTO */ = {
			isa = PBXGroup;
			children = (
				F1386BFA23CF2B4700EF938A /* ScheduleModelDTO.swift */,
				F1386BFC23CF3D1500EF938A /* LessonModelDTO.swift */,
			);
			path = DTO;
			sourceTree = "<group>";
		};
		F17EF7C423C2007500D36ED7 = {
			isa = PBXGroup;
			children = (
				F17EF7CF23C2007500D36ED7 /* MISiS */,
				F17EF7E923C2007700D36ED7 /* MISiSTests */,
				F17EF7CE23C2007500D36ED7 /* Products */,
			);
			sourceTree = "<group>";
		};
		F17EF7CE23C2007500D36ED7 /* Products */ = {
			isa = PBXGroup;
			children = (
				F17EF7CD23C2007500D36ED7 /* MISiS.app */,
				F17EF7E623C2007700D36ED7 /* MISiSTests.xctest */,
			);
			name = Products;
			sourceTree = "<group>";
		};
		F17EF7CF23C2007500D36ED7 /* MISiS */ = {
			isa = PBXGroup;
			children = (
				F1EF088623C205370042CDE4 /* AppDelegate */,
				F1B6489B23C4C39400C097C7 /* Router */,
				F1B6489C23C4C3A200C097C7 /* Builder */,
				F1EF088B23C20A000042CDE4 /* AuthModule */,
				F1B6489923C3BE5100C097C7 /* TabBarControllers */,
				F18AA43823D1ECB800A8FE8C /* Network */,
				F1D9FA4D23C2A6180031ECE6 /* Extensions */,
				F1EF088523C205240042CDE4 /* Assets */,
				F17EF7E123C2007600D36ED7 /* Info.plist */,
				F17EF7DC23C2007600D36ED7 /* Assets.xcassets */,
				F17EF7D923C2007500D36ED7 /* MISiS.xcdatamodeld */,
				F1B648A423C7D73A00C097C7 /* UIView */,
			);
			path = MISiS;
			sourceTree = "<group>";
		};
		F17EF7E923C2007700D36ED7 /* MISiSTests */ = {
			isa = PBXGroup;
			children = (
				F17EF7EA23C2007700D36ED7 /* MISiSTests.swift */,
				F17EF7EC23C2007700D36ED7 /* Info.plist */,
			);
			path = MISiSTests;
			sourceTree = "<group>";
		};
		F18AA43823D1ECB800A8FE8C /* Network */ = {
			isa = PBXGroup;
			children = (
				F18AA44923D279BB00A8FE8C /* NetworkManager.swift */,
				F18AA43F23D1F29800A8FE8C /* EndPoint */,
				F18AA44023D1F2B700A8FE8C /* Service */,
			);
			path = Network;
			sourceTree = "<group>";
		};
		F18AA43F23D1F29800A8FE8C /* EndPoint */ = {
			isa = PBXGroup;
			children = (
				F18AA43B23D1F17400A8FE8C /* EndPoint.swift */,
			);
			path = EndPoint;
			sourceTree = "<group>";
		};
		F18AA44023D1F2B700A8FE8C /* Service */ = {
			isa = PBXGroup;
			children = (
				F18AA44123D1F2BD00A8FE8C /* Router */,
				F18AA43623D1ECA900A8FE8C /* EndPointType.swift */,
				F18AA43D23D1F26F00A8FE8C /* HTTPMethod.swift */,
				F18AA44223D26CCA00A8FE8C /* HTTPTask.swift */,
				F18AA44B23D27B6700A8FE8C /* APIError.swift */,
				F18AA44823D276A000A8FE8C /* Encoding */,
			);
			path = Service;
			sourceTree = "<group>";
		};
		F18AA44123D1F2BD00A8FE8C /* Router */ = {
			isa = PBXGroup;
			children = (
				F18AA43923D1EF5A00A8FE8C /* NetworkRouter.swift */,
			);
			path = Router;
			sourceTree = "<group>";
		};
		F18AA44823D276A000A8FE8C /* Encoding */ = {
			isa = PBXGroup;
			children = (
				F18AA44423D271AB00A8FE8C /* ParameterEncoding.swift */,
				F18AA44623D2729B00A8FE8C /* JSONParameterEncoder.swift */,
			);
			path = Encoding;
			sourceTree = "<group>";
		};
		F1B6488223C3B15B00C097C7 /* ScheduleModule */ = {
			isa = PBXGroup;
			children = (
				F1B6489323C3B22800C097C7 /* View */,
				F1B6489423C3B22F00C097C7 /* Presenter */,
				F1386BF723CE676400EF938A /* Model */,
			);
			path = ScheduleModule;
			sourceTree = "<group>";
		};
		F1B6488323C3B16800C097C7 /* CampusModule */ = {
			isa = PBXGroup;
			children = (
				F1B6489523C3B23700C097C7 /* View */,
				F1B6489623C3B23D00C097C7 /* Presenter */,
			);
			path = CampusModule;
			sourceTree = "<group>";
		};
		F1B6488423C3B17E00C097C7 /* AboutModule */ = {
			isa = PBXGroup;
			children = (
				F1B6489723C3B24900C097C7 /* View */,
				F1B6489823C3B24F00C097C7 /* Presenter */,
			);
			path = AboutModule;
			sourceTree = "<group>";
		};
		F1B6489323C3B22800C097C7 /* View */ = {
			isa = PBXGroup;
			children = (
				F1B6488523C3B1A700C097C7 /* ScheduleViewController.swift */,
				F1B6489F23C4F95800C097C7 /* Cells */,
			);
			path = View;
			sourceTree = "<group>";
		};
		F1B6489423C3B22F00C097C7 /* Presenter */ = {
			isa = PBXGroup;
			children = (
				F1B6488723C3B1B200C097C7 /* SchedulePresentor.swift */,
			);
			path = Presenter;
			sourceTree = "<group>";
		};
		F1B6489523C3B23700C097C7 /* View */ = {
			isa = PBXGroup;
			children = (
				F1B6488923C3B1C400C097C7 /* CampusViewController.swift */,
			);
			path = View;
			sourceTree = "<group>";
		};
		F1B6489623C3B23D00C097C7 /* Presenter */ = {
			isa = PBXGroup;
			children = (
				F1B6488B23C3B1D000C097C7 /* CampusPresentor.swift */,
			);
			path = Presenter;
			sourceTree = "<group>";
		};
		F1B6489723C3B24900C097C7 /* View */ = {
			isa = PBXGroup;
			children = (
				F1B6488F23C3B1EB00C097C7 /* AboutViewController.swift */,
			);
			path = View;
			sourceTree = "<group>";
		};
		F1B6489823C3B24F00C097C7 /* Presenter */ = {
			isa = PBXGroup;
			children = (
				F1B6489123C3B1F900C097C7 /* AboutPresentor.swift */,
			);
			path = Presenter;
			sourceTree = "<group>";
		};
		F1B6489923C3BE5100C097C7 /* TabBarControllers */ = {
			isa = PBXGroup;
			children = (
				F1B6488223C3B15B00C097C7 /* ScheduleModule */,
				F1B6488323C3B16800C097C7 /* CampusModule */,
				F1B6488423C3B17E00C097C7 /* AboutModule */,
			);
			path = TabBarControllers;
			sourceTree = "<group>";
		};
		F1B6489B23C4C39400C097C7 /* Router */ = {
			isa = PBXGroup;
			children = (
				F1B6487F23C39F8C00C097C7 /* Router.swift */,
			);
			path = Router;
			sourceTree = "<group>";
		};
		F1B6489C23C4C3A200C097C7 /* Builder */ = {
			isa = PBXGroup;
			children = (
				F1D9FA4823C26A9C0031ECE6 /* ModuleBuilder.swift */,
			);
			path = Builder;
			sourceTree = "<group>";
		};
		F1B6489F23C4F95800C097C7 /* Cells */ = {
			isa = PBXGroup;
			children = (
				F1B648A023C4FA7800C097C7 /* ScheduleCell.swift */,
				F1B6489D23C4C3B900C097C7 /* LessonCell.swift */,
			);
			path = Cells;
			sourceTree = "<group>";
		};
		F1B648A423C7D73A00C097C7 /* UIView */ = {
			isa = PBXGroup;
			children = (
				F1B648A223C7D73600C097C7 /* CustomSegmentedControl.swift */,
			);
			path = UIView;
			sourceTree = "<group>";
		};
		F1D9FA4D23C2A6180031ECE6 /* Extensions */ = {
			isa = PBXGroup;
			children = (
				F1D9FA4A23C2A6030031ECE6 /* VIew.swift */,
				F133898B23CF8E9D00496B62 /* UIVIew + SeparatorLine.swift */,
				F1386BF823CF1A7F00EF938A /* String + Slice.swift */,
				F1B6487D23C2AFB300C097C7 /* UIColor + Colors.swift */,
				F1B648A523C8A4CA00C097C7 /* Date.swift */,
				F11E7C2823CA04A100C2DDD3 /* ScheduleDataSource.swift */,
				F11E7C2A23CB8A3000C2DDD3 /* TableView.swift */,
				F11BB1D223EEC77400F21516 /* CustomTextField.swift */,
			);
			path = Extensions;
			sourceTree = "<group>";
		};
		F1EF088523C205240042CDE4 /* Assets */ = {
			isa = PBXGroup;
			children = (
				F17EF7DE23C2007600D36ED7 /* LaunchScreen.storyboard */,
			);
			path = Assets;
			sourceTree = "<group>";
		};
		F1EF088623C205370042CDE4 /* AppDelegate */ = {
			isa = PBXGroup;
			children = (
				F17EF7D023C2007500D36ED7 /* AppDelegate.swift */,
			);
			path = AppDelegate;
			sourceTree = "<group>";
		};
		F1EF088B23C20A000042CDE4 /* AuthModule */ = {
			isa = PBXGroup;
			children = (
				F1EF088D23C20A190042CDE4 /* View */,
				F1EF088C23C20A090042CDE4 /* Presentor */,
				F1F14EFC23D7C2020073A5BF /* Model */,
			);
			path = AuthModule;
			sourceTree = "<group>";
		};
		F1EF088C23C20A090042CDE4 /* Presentor */ = {
			isa = PBXGroup;
			children = (
				F1EF088723C209820042CDE4 /* AuthPresentor.swift */,
			);
			path = Presentor;
			sourceTree = "<group>";
		};
		F1EF088D23C20A190042CDE4 /* View */ = {
			isa = PBXGroup;
			children = (
				F1EF088923C209F00042CDE4 /* AuthViewController.swift */,
				F1DE00CA23DEC67B00A6B9C0 /* BottomListView.swift */,
			);
			path = View;
			sourceTree = "<group>";
		};
		F1F14EFC23D7C2020073A5BF /* Model */ = {
			isa = PBXGroup;
			children = (
				F1F14EFD23D7C2360073A5BF /* ScheduleRequestModel.swift */,
			);
			path = Model;
			sourceTree = "<group>";
		};
/* End PBXGroup section */

/* Begin PBXNativeTarget section */
		F17EF7CC23C2007500D36ED7 /* MISiS */ = {
			isa = PBXNativeTarget;
			buildConfigurationList = F17EF7EF23C2007700D36ED7 /* Build configuration list for PBXNativeTarget "MISiS" */;
			buildPhases = (
				F17EF7C923C2007500D36ED7 /* Sources */,
				F17EF7CA23C2007500D36ED7 /* Frameworks */,
				F17EF7CB23C2007500D36ED7 /* Resources */,
			);
			buildRules = (
			);
			dependencies = (
			);
			name = MISiS;
			productName = MISiS;
			productReference = F17EF7CD23C2007500D36ED7 /* MISiS.app */;
			productType = "com.apple.product-type.application";
		};
		F17EF7E523C2007700D36ED7 /* MISiSTests */ = {
			isa = PBXNativeTarget;
			buildConfigurationList = F17EF7F223C2007700D36ED7 /* Build configuration list for PBXNativeTarget "MISiSTests" */;
			buildPhases = (
				F17EF7E223C2007700D36ED7 /* Sources */,
				F17EF7E323C2007700D36ED7 /* Frameworks */,
				F17EF7E423C2007700D36ED7 /* Resources */,
			);
			buildRules = (
			);
			dependencies = (
				F17EF7E823C2007700D36ED7 /* PBXTargetDependency */,
			);
			name = MISiSTests;
			productName = MISiSTests;
			productReference = F17EF7E623C2007700D36ED7 /* MISiSTests.xctest */;
			productType = "com.apple.product-type.bundle.unit-test";
		};
/* End PBXNativeTarget section */

/* Begin PBXProject section */
		F17EF7C523C2007500D36ED7 /* Project object */ = {
			isa = PBXProject;
			attributes = {
				LastSwiftUpdateCheck = 1110;
				LastUpgradeCheck = 1110;
				ORGANIZATIONNAME = "Vova Skripnickenko";
				TargetAttributes = {
					F17EF7CC23C2007500D36ED7 = {
						CreatedOnToolsVersion = 11.1;
					};
					F17EF7E523C2007700D36ED7 = {
						CreatedOnToolsVersion = 11.1;
						TestTargetID = F17EF7CC23C2007500D36ED7;
					};
				};
			};
			buildConfigurationList = F17EF7C823C2007500D36ED7 /* Build configuration list for PBXProject "MISiS" */;
			compatibilityVersion = "Xcode 9.3";
			developmentRegion = en;
			hasScannedForEncodings = 0;
			knownRegions = (
				en,
				Base,
			);
			mainGroup = F17EF7C423C2007500D36ED7;
			productRefGroup = F17EF7CE23C2007500D36ED7 /* Products */;
			projectDirPath = "";
			projectRoot = "";
			targets = (
				F17EF7CC23C2007500D36ED7 /* MISiS */,
				F17EF7E523C2007700D36ED7 /* MISiSTests */,
			);
		};
/* End PBXProject section */

/* Begin PBXResourcesBuildPhase section */
		F17EF7CB23C2007500D36ED7 /* Resources */ = {
			isa = PBXResourcesBuildPhase;
			buildActionMask = 2147483647;
			files = (
				F17EF7E023C2007600D36ED7 /* LaunchScreen.storyboard in Resources */,
				F18AA43423D0FAA000A8FE8C /* JSON lesson.json in Resources */,
				F17EF7DD23C2007600D36ED7 /* Assets.xcassets in Resources */,
			);
			runOnlyForDeploymentPostprocessing = 0;
		};
		F17EF7E423C2007700D36ED7 /* Resources */ = {
			isa = PBXResourcesBuildPhase;
			buildActionMask = 2147483647;
			files = (
			);
			runOnlyForDeploymentPostprocessing = 0;
		};
/* End PBXResourcesBuildPhase section */

/* Begin PBXSourcesBuildPhase section */
		F17EF7C923C2007500D36ED7 /* Sources */ = {
			isa = PBXSourcesBuildPhase;
			buildActionMask = 2147483647;
			files = (
				F1386BF623CE676000EF938A /* ScheduleModel.swift in Sources */,
				F1B6488023C39F8C00C097C7 /* Router.swift in Sources */,
				F11E7C2B23CB8A3000C2DDD3 /* TableView.swift in Sources */,
				F1386BFD23CF3D1500EF938A /* LessonModelDTO.swift in Sources */,
				F1B6488823C3B1B200C097C7 /* SchedulePresentor.swift in Sources */,
				F1DE00CB23DEC67B00A6B9C0 /* BottomListView.swift in Sources */,
				F11E7C2923CA04A100C2DDD3 /* ScheduleDataSource.swift in Sources */,
				F11BB1D323EEC77400F21516 /* CustomTextField.swift in Sources */,
				F133898A23CF798800496B62 /* Day.swift in Sources */,
				F1D9FA4B23C2A6030031ECE6 /* VIew.swift in Sources */,
				F1386C0023CF3DC600EF938A /* LessonModel.swift in Sources */,
				F1B6488C23C3B1D000C097C7 /* CampusPresentor.swift in Sources */,
				F1386BF923CF1A7F00EF938A /* String + Slice.swift in Sources */,
				F1B6488A23C3B1C400C097C7 /* CampusViewController.swift in Sources */,
				F18AA43C23D1F17400A8FE8C /* EndPoint.swift in Sources */,
				F17EF7D123C2007500D36ED7 /* AppDelegate.swift in Sources */,
				F18AA44723D2729B00A8FE8C /* JSONParameterEncoder.swift in Sources */,
				F1B6489223C3B1F900C097C7 /* AboutPresentor.swift in Sources */,
				F1B648A623C8A4CB00C097C7 /* Date.swift in Sources */,
				F18AA44C23D27B6700A8FE8C /* APIError.swift in Sources */,
				F18AA44A23D279BB00A8FE8C /* NetworkManager.swift in Sources */,
				F1B6488623C3B1A700C097C7 /* ScheduleViewController.swift in Sources */,
				F133898C23CF8E9D00496B62 /* UIVIew + SeparatorLine.swift in Sources */,
				F1EF088A23C209F10042CDE4 /* AuthViewController.swift in Sources */,
				F18AA43A23D1EF5A00A8FE8C /* NetworkRouter.swift in Sources */,
				F18AA43E23D1F26F00A8FE8C /* HTTPMethod.swift in Sources */,
				F1B648A323C7D73600C097C7 /* CustomSegmentedControl.swift in Sources */,
				F1B6487E23C2AFB300C097C7 /* UIColor + Colors.swift in Sources */,
				F18AA43723D1ECA900A8FE8C /* EndPointType.swift in Sources */,
				F1386BFB23CF2B4700EF938A /* ScheduleModelDTO.swift in Sources */,
				F1B648A123C4FA7800C097C7 /* ScheduleCell.swift in Sources */,
				F1EF088823C209820042CDE4 /* AuthPresentor.swift in Sources */,
				F18AA44523D271AB00A8FE8C /* ParameterEncoding.swift in Sources */,
				F18AA44E23D60A9700A8FE8C /* LessonType.swift in Sources */,
				F1F14EFE23D7C2360073A5BF /* ScheduleRequestModel.swift in Sources */,
				F1D9FA4923C26A9C0031ECE6 /* ModuleBuilder.swift in Sources */,
				F18AA44323D26CCA00A8FE8C /* HTTPTask.swift in Sources */,
				F1B6489023C3B1EB00C097C7 /* AboutViewController.swift in Sources */,
				F1B6489E23C4C3B900C097C7 /* LessonCell.swift in Sources */,
				F17EF7DB23C2007500D36ED7 /* MISiS.xcdatamodeld in Sources */,
			);
			runOnlyForDeploymentPostprocessing = 0;
		};
		F17EF7E223C2007700D36ED7 /* Sources */ = {
			isa = PBXSourcesBuildPhase;
			buildActionMask = 2147483647;
			files = (
				F17EF7EB23C2007700D36ED7 /* MISiSTests.swift in Sources */,
			);
			runOnlyForDeploymentPostprocessing = 0;
		};
/* End PBXSourcesBuildPhase section */

/* Begin PBXTargetDependency section */
		F17EF7E823C2007700D36ED7 /* PBXTargetDependency */ = {
			isa = PBXTargetDependency;
			target = F17EF7CC23C2007500D36ED7 /* MISiS */;
			targetProxy = F17EF7E723C2007700D36ED7 /* PBXContainerItemProxy */;
		};
/* End PBXTargetDependency section */

/* Begin PBXVariantGroup section */
		F17EF7DE23C2007600D36ED7 /* LaunchScreen.storyboard */ = {
			isa = PBXVariantGroup;
			children = (
				F17EF7DF23C2007600D36ED7 /* Base */,
			);
			name = LaunchScreen.storyboard;
			sourceTree = "<group>";
		};
/* End PBXVariantGroup section */

/* Begin XCBuildConfiguration section */
		F17EF7ED23C2007700D36ED7 /* Debug */ = {
			isa = XCBuildConfiguration;
			buildSettings = {
				ALWAYS_SEARCH_USER_PATHS = NO;
				CLANG_ANALYZER_NONNULL = YES;
				CLANG_ANALYZER_NUMBER_OBJECT_CONVERSION = YES_AGGRESSIVE;
				CLANG_CXX_LANGUAGE_STANDARD = "gnu++14";
				CLANG_CXX_LIBRARY = "libc++";
				CLANG_ENABLE_MODULES = YES;
				CLANG_ENABLE_OBJC_ARC = YES;
				CLANG_ENABLE_OBJC_WEAK = YES;
				CLANG_WARN_BLOCK_CAPTURE_AUTORELEASING = YES;
				CLANG_WARN_BOOL_CONVERSION = YES;
				CLANG_WARN_COMMA = YES;
				CLANG_WARN_CONSTANT_CONVERSION = YES;
				CLANG_WARN_DEPRECATED_OBJC_IMPLEMENTATIONS = YES;
				CLANG_WARN_DIRECT_OBJC_ISA_USAGE = YES_ERROR;
				CLANG_WARN_DOCUMENTATION_COMMENTS = YES;
				CLANG_WARN_EMPTY_BODY = YES;
				CLANG_WARN_ENUM_CONVERSION = YES;
				CLANG_WARN_INFINITE_RECURSION = YES;
				CLANG_WARN_INT_CONVERSION = YES;
				CLANG_WARN_NON_LITERAL_NULL_CONVERSION = YES;
				CLANG_WARN_OBJC_IMPLICIT_RETAIN_SELF = YES;
				CLANG_WARN_OBJC_LITERAL_CONVERSION = YES;
				CLANG_WARN_OBJC_ROOT_CLASS = YES_ERROR;
				CLANG_WARN_RANGE_LOOP_ANALYSIS = YES;
				CLANG_WARN_STRICT_PROTOTYPES = YES;
				CLANG_WARN_SUSPICIOUS_MOVE = YES;
				CLANG_WARN_UNGUARDED_AVAILABILITY = YES_AGGRESSIVE;
				CLANG_WARN_UNREACHABLE_CODE = YES;
				CLANG_WARN__DUPLICATE_METHOD_MATCH = YES;
				COPY_PHASE_STRIP = NO;
				DEBUG_INFORMATION_FORMAT = dwarf;
				ENABLE_STRICT_OBJC_MSGSEND = YES;
				ENABLE_TESTABILITY = YES;
				GCC_C_LANGUAGE_STANDARD = gnu11;
				GCC_DYNAMIC_NO_PIC = NO;
				GCC_NO_COMMON_BLOCKS = YES;
				GCC_OPTIMIZATION_LEVEL = 0;
				GCC_PREPROCESSOR_DEFINITIONS = (
					"DEBUG=1",
					"$(inherited)",
				);
				GCC_WARN_64_TO_32_BIT_CONVERSION = YES;
				GCC_WARN_ABOUT_RETURN_TYPE = YES_ERROR;
				GCC_WARN_UNDECLARED_SELECTOR = YES;
				GCC_WARN_UNINITIALIZED_AUTOS = YES_AGGRESSIVE;
				GCC_WARN_UNUSED_FUNCTION = YES;
				GCC_WARN_UNUSED_VARIABLE = YES;
				IPHONEOS_DEPLOYMENT_TARGET = 13.1;
				MTL_ENABLE_DEBUG_INFO = INCLUDE_SOURCE;
				MTL_FAST_MATH = YES;
				ONLY_ACTIVE_ARCH = YES;
				SDKROOT = iphoneos;
				SWIFT_ACTIVE_COMPILATION_CONDITIONS = DEBUG;
				SWIFT_OPTIMIZATION_LEVEL = "-Onone";
			};
			name = Debug;
		};
		F17EF7EE23C2007700D36ED7 /* Release */ = {
			isa = XCBuildConfiguration;
			buildSettings = {
				ALWAYS_SEARCH_USER_PATHS = NO;
				CLANG_ANALYZER_NONNULL = YES;
				CLANG_ANALYZER_NUMBER_OBJECT_CONVERSION = YES_AGGRESSIVE;
				CLANG_CXX_LANGUAGE_STANDARD = "gnu++14";
				CLANG_CXX_LIBRARY = "libc++";
				CLANG_ENABLE_MODULES = YES;
				CLANG_ENABLE_OBJC_ARC = YES;
				CLANG_ENABLE_OBJC_WEAK = YES;
				CLANG_WARN_BLOCK_CAPTURE_AUTORELEASING = YES;
				CLANG_WARN_BOOL_CONVERSION = YES;
				CLANG_WARN_COMMA = YES;
				CLANG_WARN_CONSTANT_CONVERSION = YES;
				CLANG_WARN_DEPRECATED_OBJC_IMPLEMENTATIONS = YES;
				CLANG_WARN_DIRECT_OBJC_ISA_USAGE = YES_ERROR;
				CLANG_WARN_DOCUMENTATION_COMMENTS = YES;
				CLANG_WARN_EMPTY_BODY = YES;
				CLANG_WARN_ENUM_CONVERSION = YES;
				CLANG_WARN_INFINITE_RECURSION = YES;
				CLANG_WARN_INT_CONVERSION = YES;
				CLANG_WARN_NON_LITERAL_NULL_CONVERSION = YES;
				CLANG_WARN_OBJC_IMPLICIT_RETAIN_SELF = YES;
				CLANG_WARN_OBJC_LITERAL_CONVERSION = YES;
				CLANG_WARN_OBJC_ROOT_CLASS = YES_ERROR;
				CLANG_WARN_RANGE_LOOP_ANALYSIS = YES;
				CLANG_WARN_STRICT_PROTOTYPES = YES;
				CLANG_WARN_SUSPICIOUS_MOVE = YES;
				CLANG_WARN_UNGUARDED_AVAILABILITY = YES_AGGRESSIVE;
				CLANG_WARN_UNREACHABLE_CODE = YES;
				CLANG_WARN__DUPLICATE_METHOD_MATCH = YES;
				COPY_PHASE_STRIP = NO;
				DEBUG_INFORMATION_FORMAT = "dwarf-with-dsym";
				ENABLE_NS_ASSERTIONS = NO;
				ENABLE_STRICT_OBJC_MSGSEND = YES;
				GCC_C_LANGUAGE_STANDARD = gnu11;
				GCC_NO_COMMON_BLOCKS = YES;
				GCC_WARN_64_TO_32_BIT_CONVERSION = YES;
				GCC_WARN_ABOUT_RETURN_TYPE = YES_ERROR;
				GCC_WARN_UNDECLARED_SELECTOR = YES;
				GCC_WARN_UNINITIALIZED_AUTOS = YES_AGGRESSIVE;
				GCC_WARN_UNUSED_FUNCTION = YES;
				GCC_WARN_UNUSED_VARIABLE = YES;
				IPHONEOS_DEPLOYMENT_TARGET = 13.1;
				MTL_ENABLE_DEBUG_INFO = NO;
				MTL_FAST_MATH = YES;
				SDKROOT = iphoneos;
				SWIFT_COMPILATION_MODE = wholemodule;
				SWIFT_OPTIMIZATION_LEVEL = "-O";
				VALIDATE_PRODUCT = YES;
			};
			name = Release;
		};
		F17EF7F023C2007700D36ED7 /* Debug */ = {
			isa = XCBuildConfiguration;
			buildSettings = {
				ASSETCATALOG_COMPILER_APPICON_NAME = AppIcon;
				CODE_SIGN_STYLE = Automatic;
				DEVELOPMENT_TEAM = 5685WBW9QW;
				INFOPLIST_FILE = MISiS/Info.plist;
				IPHONEOS_DEPLOYMENT_TARGET = 12.0;
				LD_RUNPATH_SEARCH_PATHS = (
					"$(inherited)",
					"@executable_path/Frameworks",
				);
				PRODUCT_BUNDLE_IDENTIFIER = VVSKR.MISiS;
				PRODUCT_NAME = "$(TARGET_NAME)";
				SWIFT_VERSION = 5.0;
				TARGETED_DEVICE_FAMILY = 1;
			};
			name = Debug;
		};
		F17EF7F123C2007700D36ED7 /* Release */ = {
			isa = XCBuildConfiguration;
			buildSettings = {
				ASSETCATALOG_COMPILER_APPICON_NAME = AppIcon;
				CODE_SIGN_STYLE = Automatic;
				DEVELOPMENT_TEAM = 5685WBW9QW;
				INFOPLIST_FILE = MISiS/Info.plist;
				IPHONEOS_DEPLOYMENT_TARGET = 12.0;
				LD_RUNPATH_SEARCH_PATHS = (
					"$(inherited)",
					"@executable_path/Frameworks",
				);
				PRODUCT_BUNDLE_IDENTIFIER = VVSKR.MISiS;
				PRODUCT_NAME = "$(TARGET_NAME)";
				SWIFT_VERSION = 5.0;
				TARGETED_DEVICE_FAMILY = 1;
			};
			name = Release;
		};
		F17EF7F323C2007700D36ED7 /* Debug */ = {
			isa = XCBuildConfiguration;
			buildSettings = {
				ALWAYS_EMBED_SWIFT_STANDARD_LIBRARIES = YES;
				BUNDLE_LOADER = "$(TEST_HOST)";
				CODE_SIGN_STYLE = Automatic;
				DEVELOPMENT_TEAM = 5685WBW9QW;
				INFOPLIST_FILE = MISiSTests/Info.plist;
				IPHONEOS_DEPLOYMENT_TARGET = 13.1;
				LD_RUNPATH_SEARCH_PATHS = (
					"$(inherited)",
					"@executable_path/Frameworks",
					"@loader_path/Frameworks",
				);
				PRODUCT_BUNDLE_IDENTIFIER = VVS.MISiSTests;
				PRODUCT_NAME = "$(TARGET_NAME)";
				SWIFT_VERSION = 5.0;
				TARGETED_DEVICE_FAMILY = "1,2";
				TEST_HOST = "$(BUILT_PRODUCTS_DIR)/MISiS.app/MISiS";
			};
			name = Debug;
		};
		F17EF7F423C2007700D36ED7 /* Release */ = {
			isa = XCBuildConfiguration;
			buildSettings = {
				ALWAYS_EMBED_SWIFT_STANDARD_LIBRARIES = YES;
				BUNDLE_LOADER = "$(TEST_HOST)";
				CODE_SIGN_STYLE = Automatic;
				DEVELOPMENT_TEAM = 5685WBW9QW;
				INFOPLIST_FILE = MISiSTests/Info.plist;
				IPHONEOS_DEPLOYMENT_TARGET = 13.1;
				LD_RUNPATH_SEARCH_PATHS = (
					"$(inherited)",
					"@executable_path/Frameworks",
					"@loader_path/Frameworks",
				);
				PRODUCT_BUNDLE_IDENTIFIER = VVS.MISiSTests;
				PRODUCT_NAME = "$(TARGET_NAME)";
				SWIFT_VERSION = 5.0;
				TARGETED_DEVICE_FAMILY = "1,2";
				TEST_HOST = "$(BUILT_PRODUCTS_DIR)/MISiS.app/MISiS";
			};
			name = Release;
		};
/* End XCBuildConfiguration section */

/* Begin XCConfigurationList section */
		F17EF7C823C2007500D36ED7 /* Build configuration list for PBXProject "MISiS" */ = {
			isa = XCConfigurationList;
			buildConfigurations = (
				F17EF7ED23C2007700D36ED7 /* Debug */,
				F17EF7EE23C2007700D36ED7 /* Release */,
			);
			defaultConfigurationIsVisible = 0;
			defaultConfigurationName = Release;
		};
		F17EF7EF23C2007700D36ED7 /* Build configuration list for PBXNativeTarget "MISiS" */ = {
			isa = XCConfigurationList;
			buildConfigurations = (
				F17EF7F023C2007700D36ED7 /* Debug */,
				F17EF7F123C2007700D36ED7 /* Release */,
			);
			defaultConfigurationIsVisible = 0;
			defaultConfigurationName = Release;
		};
		F17EF7F223C2007700D36ED7 /* Build configuration list for PBXNativeTarget "MISiSTests" */ = {
			isa = XCConfigurationList;
			buildConfigurations = (
				F17EF7F323C2007700D36ED7 /* Debug */,
				F17EF7F423C2007700D36ED7 /* Release */,
			);
			defaultConfigurationIsVisible = 0;
			defaultConfigurationName = Release;
		};
/* End XCConfigurationList section */

/* Begin XCVersionGroup section */
		F17EF7D923C2007500D36ED7 /* MISiS.xcdatamodeld */ = {
			isa = XCVersionGroup;
			children = (
				F17EF7DA23C2007500D36ED7 /* MISiS.xcdatamodel */,
			);
			currentVersion = F17EF7DA23C2007500D36ED7 /* MISiS.xcdatamodel */;
			path = MISiS.xcdatamodeld;
			sourceTree = "<group>";
			versionGroupType = wrapper.xcdatamodel;
		};
/* End XCVersionGroup section */
	};
	rootObject = F17EF7C523C2007500D36ED7 /* Project object */;
}
